{
  "name": "link-shortener",
  "lockfileVersion": 2,
  "requires": true,
  "packages": {
    "": {
      "name": "link-shortener",
      "dependencies": {
        "enginehq": "file:../../enginehq"
      }
    },
    "../../enginehq": {
      "version": "0.1.2",
      "license": "MIT",
      "dependencies": {
        "@enginehq/auth": "0.1.2",
        "@enginehq/core": "0.1.2",
        "@enginehq/express": "0.1.2",
        "express": "^4.21.2",
        "tsx": "^4.20.5"
      },
      "bin": {
        "enginehq": "bin/enginehq.js"
      }
    },
    "node_modules/enginehq": {
      "resolved": "../../enginehq",
      "link": true
    }
  },
  "dependencies": {
    "enginehq": {
      "version": "file:../../enginehq",
      "requires": {
        "@enginehq/auth": "0.1.2",
        "@enginehq/core": "0.1.2",
        "@enginehq/express": "0.1.2",
        "express": "^4.21.2",
        "tsx": "^4.20.5"
      }
    }
  }
}
